
Microsoft Visual Studio Solution File, Format Version 12.00
# Visual Studio Version 17
VisualStudioVersion = 17.8.34330.188
MinimumVisualStudioVersion = 10.0.40219.1
Project("{FAE04EC0-301F-11D3-BF4B-00C04F79EFBC}") = "WebProject", "WebProject.csproj", "{9C77680C-A204-4D7E-B277-47E8AD2403AA}"
EndProject
Global
	GlobalSection(SolutionConfigurationPlatforms) = preSolution
		Debug|Any CPU = Debug|Any CPU
		Release|Any CPU = Release|Any CPU
	EndGlobalSection
	GlobalSection(ProjectConfigurationPlatforms) = postSolution
		{9C77680C-A204-4D7E-B277-47E8AD2403AA}.Debug|Any CPU.ActiveCfg = Debug|Any CPU
		{9C77680C-A204-4D7E-B277-47E8AD2403AA}.Debug|Any CPU.Build.0 = Debug|Any CPU
		{9C77680C-A204-4D7E-B277-47E8AD2403AA}.Release|Any CPU.ActiveCfg = Release|Any CPU
		{9C77680C-A204-4D7E-B277-47E8AD2403AA}.Release|Any CPU.Build.0 = Release|Any CPU
	EndGlobalSection
	GlobalSection(SolutionProperties) = preSolution
		HideSolutionNode = FALSE
	EndGlobalSection
	GlobalSection(ExtensibilityGlobals) = postSolution
		SolutionGuid = {7D02C31E-A9A1-4156-9814-4EB683C77A62}
	EndGlobalSection
EndGlobal
